
Microsoft Visual Studio Solution File, Format Version 12.00
# Visual Studio 15
VisualStudioVersion = 15.0.28307.1705
MinimumVisualStudioVersion = 10.0.40219.1
Project("{8BC9CEB8-8B4A-11D0-8D11-00A0C91BC942}") = "BettingGame", "BettingGame\BettingGame.vcxproj", "{3ACC8CEA-1DC4-4D4B-9F1A-6D75BF7F0F26}"
EndProject
Global
	GlobalSection(SolutionConfigurationPlatforms) = preSolution
		Debug|x64 = Debug|x64
		Debug|x86 = Debug|x86
		Release|x64 = Release|x64
		Release|x86 = Release|x86
	EndGlobalSection
	GlobalSection(ProjectConfigurationPlatforms) = postSolution
		{3ACC8CEA-1DC4-4D4B-9F1A-6D75BF7F0F26}.Debug|x64.ActiveCfg = Debug|x64
		{3ACC8CEA-1DC4-4D4B-9F1A-6D75BF7F0F26}.Debug|x64.Build.0 = Debug|x64
		{3ACC8CEA-1DC4-4D4B-9F1A-6D75BF7F0F26}.Debug|x86.ActiveCfg = Debug|Win32
		{3ACC8CEA-1DC4-4D4B-9F1A-6D75BF7F0F26}.Debug|x86.Build.0 = Debug|Win32
		{3ACC8CEA-1DC4-4D4B-9F1A-6D75BF7F0F26}.Release|x64.ActiveCfg = Release|x64
		{3ACC8CEA-1DC4-4D4B-9F1A-6D75BF7F0F26}.Release|x64.Build.0 = Release|x64
		{3ACC8CEA-1DC4-4D4B-9F1A-6D75BF7F0F26}.Release|x86.ActiveCfg = Release|Win32
		{3ACC8CEA-1DC4-4D4B-9F1A-6D75BF7F0F26}.Release|x86.Build.0 = Release|Win32
	EndGlobalSection
	GlobalSection(SolutionProperties) = preSolution
		HideSolutionNode = FALSE
	EndGlobalSection
	GlobalSection(ExtensibilityGlobals) = postSolution
		SolutionGuid = {51130E1F-06A2-41A6-80E3-BEE8B54FB884}
	EndGlobalSection
EndGlobal
